{
  "nodes": {
    "nixpkgs": {
      "locked": {
        "lastModified": 1687017257,
        "narHash": "sha256-jbk0Szj1DPe9KwySeMr3KzYqW1JaUKJ6lYwSLMvc1n0=",
        "owner": "nixos",
        "repo": "nixpkgs",
        "rev": "aaef163eac75c2ac7f882c1fae4e0c08aa18d186",
        "type": "github"
      },
      "original": {
        "owner": "nixos",
        "ref": "nixos-23.05",
        "repo": "nixpkgs",
        "type": "github"
      }
    },
    "root": {
      "inputs": {
        "nixpkgs": "nixpkgs"
      }
    }
  },
  "root": "root",
  "version": 7
}
